
Microsoft Visual Studio Solution File, Format Version 12.00
# Visual Studio Version 17
VisualStudioVersion = 17.5.33502.453
MinimumVisualStudioVersion = 10.0.40219.1
Project("{FAE04EC0-301F-11D3-BF4B-00C04F79EFBC}") = "clinicadenutri", "clinicadenutri\clinicadenutri.csproj", "{285367D2-D625-4B43-8C3A-054F87CB7717}"
EndProject
Global
	GlobalSection(SolutionConfigurationPlatforms) = preSolution
		Debug|Any CPU = Debug|Any CPU
		Release|Any CPU = Release|Any CPU
	EndGlobalSection
	GlobalSection(ProjectConfigurationPlatforms) = postSolution
		{285367D2-D625-4B43-8C3A-054F87CB7717}.Debug|Any CPU.ActiveCfg = Debug|Any CPU
		{285367D2-D625-4B43-8C3A-054F87CB7717}.Debug|Any CPU.Build.0 = Debug|Any CPU
		{285367D2-D625-4B43-8C3A-054F87CB7717}.Release|Any CPU.ActiveCfg = Release|Any CPU
		{285367D2-D625-4B43-8C3A-054F87CB7717}.Release|Any CPU.Build.0 = Release|Any CPU
	EndGlobalSection
	GlobalSection(SolutionProperties) = preSolution
		HideSolutionNode = FALSE
	EndGlobalSection
	GlobalSection(ExtensibilityGlobals) = postSolution
		SolutionGuid = {E444087E-59C7-43A2-AD7F-4A44F9B7DEB0}
	EndGlobalSection
EndGlobal
